<Solution>
  <Project Path="MovieManagement.Business/MovieManagement.Business.csproj" />
  <Project Path="MovieManagement.Data/MovieManagement.Data.csproj" />
  <Project Path="MovieManagement.Domain/MovieManagement.Domain.csproj" />
  <Project Path="MovieManagement.Ui/MovieManagement.Ui.csproj" />
</Solution>
